// !$*UTF8*$!
{
	archiveVersion = 1;
	classes = {
	};
	objectVersion = 46;
	objects = {

/* Begin PBXBuildFile section */
		2D5C39051C7D51E6002ED441 /* main.m in Sources */ = {isa = PBXBuildFile; fileRef = 2D5C39041C7D51E6002ED441 /* main.m */; };
		2D5C39081C7D51E6002ED441 /* AppDelegate.m in Sources */ = {isa = PBXBuildFile; fileRef = 2D5C39071C7D51E6002ED441 /* AppDelegate.m */; };
		2D5C390B1C7D51E6002ED441 /* MasterViewController.m in Sources */ = {isa = PBXBuildFile; fileRef = 2D5C390A1C7D51E6002ED441 /* MasterViewController.m */; };
		2D5C390E1C7D51E6002ED441 /* DetailViewController.m in Sources */ = {isa = PBXBuildFile; fileRef = 2D5C390D1C7D51E6002ED441 /* DetailViewController.m */; };
		2D5C39111C7D51E6002ED441 /* Main.storyboard in Resources */ = {isa = PBXBuildFile; fileRef = 2D5C390F1C7D51E6002ED441 /* Main.storyboard */; };
		2D5C39131C7D51E6002ED441 /* Assets.xcassets in Resources */ = {isa = PBXBuildFile; fileRef = 2D5C39121C7D51E6002ED441 /* Assets.xcassets */; };
		2D5C39161C7D51E6002ED441 /* LaunchScreen.storyboard in Resources */ = {isa = PBXBuildFile; fileRef = 2D5C39141C7D51E6002ED441 /* LaunchScreen.storyboard */; };
		2D5C39211C7D51E6002ED441 /* DemoGoogleCloudVisionAPITests.m in Sources */ = {isa = PBXBuildFile; fileRef = 2D5C39201C7D51E6002ED441 /* DemoGoogleCloudVisionAPITests.m */; };
		2D5C392C1C7D51E6002ED441 /* DemoGoogleCloudVisionAPIUITests.m in Sources */ = {isa = PBXBuildFile; fileRef = 2D5C392B1C7D51E6002ED441 /* DemoGoogleCloudVisionAPIUITests.m */; };
		2D5C394D1C7D6C89002ED441 /* GCVBoundingPoly.m in Sources */ = {isa = PBXBuildFile; fileRef = 2D5C393E1C7D6C89002ED441 /* GCVBoundingPoly.m */; };
		2D5C394E1C7D6C89002ED441 /* GCVFaceAnnotation.m in Sources */ = {isa = PBXBuildFile; fileRef = 2D5C39411C7D6C89002ED441 /* GCVFaceAnnotation.m */; };
		2D5C394F1C7D6C89002ED441 /* GCVFdBoundingPoly.m in Sources */ = {isa = PBXBuildFile; fileRef = 2D5C39431C7D6C89002ED441 /* GCVFdBoundingPoly.m */; };
		2D5C39501C7D6C89002ED441 /* GCVLandmarks.m in Sources */ = {isa = PBXBuildFile; fileRef = 2D5C39451C7D6C89002ED441 /* GCVLandmarks.m */; };
		2D5C39511C7D6C89002ED441 /* GCVPosition.m in Sources */ = {isa = PBXBuildFile; fileRef = 2D5C39471C7D6C89002ED441 /* GCVPosition.m */; };
		2D5C39521C7D6C89002ED441 /* GCVFaceDetection.m in Sources */ = {isa = PBXBuildFile; fileRef = 2D5C39491C7D6C89002ED441 /* GCVFaceDetection.m */; };
		2D5C39531C7D6C89002ED441 /* GCVVertices.m in Sources */ = {isa = PBXBuildFile; fileRef = 2D5C394B1C7D6C89002ED441 /* GCVVertices.m */; };
		2D5C39561C7D883C002ED441 /* GCVRootModel.m in Sources */ = {isa = PBXBuildFile; fileRef = 2D5C39551C7D883C002ED441 /* GCVRootModel.m */; };
/* End PBXBuildFile section */

/* Begin PBXContainerItemProxy section */
		2D5C391D1C7D51E6002ED441 /* PBXContainerItemProxy */ = {
			isa = PBXContainerItemProxy;
			containerPortal = 2D5C38F81C7D51E6002ED441 /* Project object */;
			proxyType = 1;
			remoteGlobalIDString = 2D5C38FF1C7D51E6002ED441;
			remoteInfo = DemoGoogleCloudVisionAPI;
		};
		2D5C39281C7D51E6002ED441 /* PBXContainerItemProxy */ = {
			isa = PBXContainerItemProxy;
			containerPortal = 2D5C38F81C7D51E6002ED441 /* Project object */;
			proxyType = 1;
			remoteGlobalIDString = 2D5C38FF1C7D51E6002ED441;
			remoteInfo = DemoGoogleCloudVisionAPI;
		};
/* End PBXContainerItemProxy section */

/* Begin PBXFileReference section */
		2D5C39001C7D51E6002ED441 /* DemoGoogleCloudVisionAPI.app */ = {isa = PBXFileReference; explicitFileType = wrapper.application; includeInIndex = 0; path = DemoGoogleCloudVisionAPI.app; sourceTree = BUILT_PRODUCTS_DIR; };
		2D5C39041C7D51E6002ED441 /* main.m */ = {isa = PBXFileReference; lastKnownFileType = sourcecode.c.objc; path = main.m; sourceTree = "<group>"; };
		2D5C39061C7D51E6002ED441 /* AppDelegate.h */ = {isa = PBXFileReference; lastKnownFileType = sourcecode.c.h; path = AppDelegate.h; sourceTree = "<group>"; };
		2D5C39071C7D51E6002ED441 /* AppDelegate.m */ = {isa = PBXFileReference; lastKnownFileType = sourcecode.c.objc; path = AppDelegate.m; sourceTree = "<group>"; };
		2D5C39091C7D51E6002ED441 /* MasterViewController.h */ = {isa = PBXFileReference; lastKnownFileType = sourcecode.c.h; path = MasterViewController.h; sourceTree = "<group>"; };
		2D5C390A1C7D51E6002ED441 /* MasterViewController.m */ = {isa = PBXFileReference; lastKnownFileType = sourcecode.c.objc; path = MasterViewController.m; sourceTree = "<group>"; };
		2D5C390C1C7D51E6002ED441 /* DetailViewController.h */ = {isa = PBXFileReference; lastKnownFileType = sourcecode.c.h; path = DetailViewController.h; sourceTree = "<group>"; };
		2D5C390D1C7D51E6002ED441 /* DetailViewController.m */ = {isa = PBXFileReference; lastKnownFileType = sourcecode.c.objc; path = DetailViewController.m; sourceTree = "<group>"; };
		2D5C39101C7D51E6002ED441 /* Base */ = {isa = PBXFileReference; lastKnownFileType = file.storyboard; name = Base; path = Base.lproj/Main.storyboard; sourceTree = "<group>"; };
		2D5C39121C7D51E6002ED441 /* Assets.xcassets */ = {isa = PBXFileReference; lastKnownFileType = folder.assetcatalog; path = Assets.xcassets; sourceTree = "<group>"; };
		2D5C39151C7D51E6002ED441 /* Base */ = {isa = PBXFileReference; lastKnownFileType = file.storyboard; name = Base; path = Base.lproj/LaunchScreen.storyboard; sourceTree = "<group>"; };
		2D5C39171C7D51E6002ED441 /* Info.plist */ = {isa = PBXFileReference; lastKnownFileType = text.plist.xml; path = Info.plist; sourceTree = "<group>"; };
		2D5C391C1C7D51E6002ED441 /* DemoGoogleCloudVisionAPITests.xctest */ = {isa = PBXFileReference; explicitFileType = wrapper.cfbundle; includeInIndex = 0; path = DemoGoogleCloudVisionAPITests.xctest; sourceTree = BUILT_PRODUCTS_DIR; };
		2D5C39201C7D51E6002ED441 /* DemoGoogleCloudVisionAPITests.m */ = {isa = PBXFileReference; lastKnownFileType = sourcecode.c.objc; path = DemoGoogleCloudVisionAPITests.m; sourceTree = "<group>"; };
		2D5C39221C7D51E6002ED441 /* Info.plist */ = {isa = PBXFileReference; lastKnownFileType = text.plist.xml; path = Info.plist; sourceTree = "<group>"; };
		2D5C39271C7D51E6002ED441 /* DemoGoogleCloudVisionAPIUITests.xctest */ = {isa = PBXFileReference; explicitFileType = wrapper.cfbundle; includeInIndex = 0; path = DemoGoogleCloudVisionAPIUITests.xctest; sourceTree = BUILT_PRODUCTS_DIR; };
		2D5C392B1C7D51E6002ED441 /* DemoGoogleCloudVisionAPIUITests.m */ = {isa = PBXFileReference; lastKnownFileType = sourcecode.c.objc; path = DemoGoogleCloudVisionAPIUITests.m; sourceTree = "<group>"; };
		2D5C392D1C7D51E6002ED441 /* Info.plist */ = {isa = PBXFileReference; lastKnownFileType = text.plist.xml; path = Info.plist; sourceTree = "<group>"; };
		2D5C393D1C7D6C89002ED441 /* GCVBoundingPoly.h */ = {isa = PBXFileReference; fileEncoding = 4; lastKnownFileType = sourcecode.c.h; path = GCVBoundingPoly.h; sourceTree = "<group>"; };
		2D5C393E1C7D6C89002ED441 /* GCVBoundingPoly.m */ = {isa = PBXFileReference; fileEncoding = 4; lastKnownFileType = sourcecode.c.objc; path = GCVBoundingPoly.m; sourceTree = "<group>"; };
		2D5C39401C7D6C89002ED441 /* GCVFaceAnnotation.h */ = {isa = PBXFileReference; fileEncoding = 4; lastKnownFileType = sourcecode.c.h; path = GCVFaceAnnotation.h; sourceTree = "<group>"; };
		2D5C39411C7D6C89002ED441 /* GCVFaceAnnotation.m */ = {isa = PBXFileReference; fileEncoding = 4; lastKnownFileType = sourcecode.c.objc; path = GCVFaceAnnotation.m; sourceTree = "<group>"; };
		2D5C39421C7D6C89002ED441 /* GCVFdBoundingPoly.h */ = {isa = PBXFileReference; fileEncoding = 4; lastKnownFileType = sourcecode.c.h; path = GCVFdBoundingPoly.h; sourceTree = "<group>"; };
		2D5C39431C7D6C89002ED441 /* GCVFdBoundingPoly.m */ = {isa = PBXFileReference; fileEncoding = 4; lastKnownFileType = sourcecode.c.objc; path = GCVFdBoundingPoly.m; sourceTree = "<group>"; };
		2D5C39441C7D6C89002ED441 /* GCVLandmarks.h */ = {isa = PBXFileReference; fileEncoding = 4; lastKnownFileType = sourcecode.c.h; path = GCVLandmarks.h; sourceTree = "<group>"; };
		2D5C39451C7D6C89002ED441 /* GCVLandmarks.m */ = {isa = PBXFileReference; fileEncoding = 4; lastKnownFileType = sourcecode.c.objc; path = GCVLandmarks.m; sourceTree = "<group>"; };
		2D5C39461C7D6C89002ED441 /* GCVPosition.h */ = {isa = PBXFileReference; fileEncoding = 4; lastKnownFileType = sourcecode.c.h; path = GCVPosition.h; sourceTree = "<group>"; };
		2D5C39471C7D6C89002ED441 /* GCVPosition.m */ = {isa = PBXFileReference; fileEncoding = 4; lastKnownFileType = sourcecode.c.objc; path = GCVPosition.m; sourceTree = "<group>"; };
		2D5C39481C7D6C89002ED441 /* GCVFaceDetection.h */ = {isa = PBXFileReference; fileEncoding = 4; lastKnownFileType = sourcecode.c.h; path = GCVFaceDetection.h; sourceTree = "<group>"; };
		2D5C39491C7D6C89002ED441 /* GCVFaceDetection.m */ = {isa = PBXFileReference; fileEncoding = 4; lastKnownFileType = sourcecode.c.objc; path = GCVFaceDetection.m; sourceTree = "<group>"; };
		2D5C394A1C7D6C89002ED441 /* GCVVertices.h */ = {isa = PBXFileReference; fileEncoding = 4; lastKnownFileType = sourcecode.c.h; path = GCVVertices.h; sourceTree = "<group>"; };
		2D5C394B1C7D6C89002ED441 /* GCVVertices.m */ = {isa = PBXFileReference; fileEncoding = 4; lastKnownFileType = sourcecode.c.objc; path = GCVVertices.m; sourceTree = "<group>"; };
		2D5C39541C7D883C002ED441 /* GCVRootModel.h */ = {isa = PBXFileReference; fileEncoding = 4; lastKnownFileType = sourcecode.c.h; path = GCVRootModel.h; sourceTree = "<group>"; };
		2D5C39551C7D883C002ED441 /* GCVRootModel.m */ = {isa = PBXFileReference; fileEncoding = 4; lastKnownFileType = sourcecode.c.objc; path = GCVRootModel.m; sourceTree = "<group>"; };
/* End PBXFileReference section */

/* Begin PBXFrameworksBuildPhase section */
		2D5C38FD1C7D51E6002ED441 /* Frameworks */ = {
			isa = PBXFrameworksBuildPhase;
			buildActionMask = 2147483647;
			files = (
			);
			runOnlyForDeploymentPostprocessing = 0;
		};
		2D5C39191C7D51E6002ED441 /* Frameworks */ = {
			isa = PBXFrameworksBuildPhase;
			buildActionMask = 2147483647;
			files = (
			);
			runOnlyForDeploymentPostprocessing = 0;
		};
		2D5C39241C7D51E6002ED441 /* Frameworks */ = {
			isa = PBXFrameworksBuildPhase;
			buildActionMask = 2147483647;
			files = (
			);
			runOnlyForDeploymentPostprocessing = 0;
		};
/* End PBXFrameworksBuildPhase section */

/* Begin PBXGroup section */
		2D5C38F71C7D51E6002ED441 = {
			isa = PBXGroup;
			children = (
				2D5C39021C7D51E6002ED441 /* DemoGoogleCloudVisionAPI */,
				2D5C391F1C7D51E6002ED441 /* DemoGoogleCloudVisionAPITests */,
				2D5C392A1C7D51E6002ED441 /* DemoGoogleCloudVisionAPIUITests */,
				2D5C39011C7D51E6002ED441 /* Products */,
			);
			sourceTree = "<group>";
		};
		2D5C39011C7D51E6002ED441 /* Products */ = {
			isa = PBXGroup;
			children = (
				2D5C39001C7D51E6002ED441 /* DemoGoogleCloudVisionAPI.app */,
				2D5C391C1C7D51E6002ED441 /* DemoGoogleCloudVisionAPITests.xctest */,
				2D5C39271C7D51E6002ED441 /* DemoGoogleCloudVisionAPIUITests.xctest */,
			);
			name = Products;
			sourceTree = "<group>";
		};
		2D5C39021C7D51E6002ED441 /* DemoGoogleCloudVisionAPI */ = {
			isa = PBXGroup;
			children = (
				2D5C39391C7D6C89002ED441 /* Model */,
				2D5C39061C7D51E6002ED441 /* AppDelegate.h */,
				2D5C39071C7D51E6002ED441 /* AppDelegate.m */,
				2D5C39091C7D51E6002ED441 /* MasterViewController.h */,
				2D5C390A1C7D51E6002ED441 /* MasterViewController.m */,
				2D5C390C1C7D51E6002ED441 /* DetailViewController.h */,
				2D5C390D1C7D51E6002ED441 /* DetailViewController.m */,
				2D5C390F1C7D51E6002ED441 /* Main.storyboard */,
				2D5C39121C7D51E6002ED441 /* Assets.xcassets */,
				2D5C39141C7D51E6002ED441 /* LaunchScreen.storyboard */,
				2D5C39171C7D51E6002ED441 /* Info.plist */,
				2D5C39031C7D51E6002ED441 /* Supporting Files */,
			);
			path = DemoGoogleCloudVisionAPI;
			sourceTree = "<group>";
		};
		2D5C39031C7D51E6002ED441 /* Supporting Files */ = {
			isa = PBXGroup;
			children = (
				2D5C39041C7D51E6002ED441 /* main.m */,
			);
			name = "Supporting Files";
			sourceTree = "<group>";
		};
		2D5C391F1C7D51E6002ED441 /* DemoGoogleCloudVisionAPITests */ = {
			isa = PBXGroup;
			children = (
				2D5C39201C7D51E6002ED441 /* DemoGoogleCloudVisionAPITests.m */,
				2D5C39221C7D51E6002ED441 /* Info.plist */,
			);
			path = DemoGoogleCloudVisionAPITests;
			sourceTree = "<group>";
		};
		2D5C392A1C7D51E6002ED441 /* DemoGoogleCloudVisionAPIUITests */ = {
			isa = PBXGroup;
			children = (
				2D5C392B1C7D51E6002ED441 /* DemoGoogleCloudVisionAPIUITests.m */,
				2D5C392D1C7D51E6002ED441 /* Info.plist */,
			);
			path = DemoGoogleCloudVisionAPIUITests;
			sourceTree = "<group>";
		};
		2D5C39391C7D6C89002ED441 /* Model */ = {
			isa = PBXGroup;
			children = (
				2D5C393A1C7D6C89002ED441 /* FaceDetection */,
			);
			path = Model;
			sourceTree = "<group>";
		};
		2D5C393A1C7D6C89002ED441 /* FaceDetection */ = {
			isa = PBXGroup;
			children = (
				2D5C393D1C7D6C89002ED441 /* GCVBoundingPoly.h */,
				2D5C393E1C7D6C89002ED441 /* GCVBoundingPoly.m */,
				2D5C39401C7D6C89002ED441 /* GCVFaceAnnotation.h */,
				2D5C39411C7D6C89002ED441 /* GCVFaceAnnotation.m */,
				2D5C39421C7D6C89002ED441 /* GCVFdBoundingPoly.h */,
				2D5C39431C7D6C89002ED441 /* GCVFdBoundingPoly.m */,
				2D5C39441C7D6C89002ED441 /* GCVLandmarks.h */,
				2D5C39451C7D6C89002ED441 /* GCVLandmarks.m */,
				2D5C39461C7D6C89002ED441 /* GCVPosition.h */,
				2D5C39471C7D6C89002ED441 /* GCVPosition.m */,
				2D5C39481C7D6C89002ED441 /* GCVFaceDetection.h */,
				2D5C39491C7D6C89002ED441 /* GCVFaceDetection.m */,
				2D5C394A1C7D6C89002ED441 /* GCVVertices.h */,
				2D5C394B1C7D6C89002ED441 /* GCVVertices.m */,
				2D5C39541C7D883C002ED441 /* GCVRootModel.h */,
				2D5C39551C7D883C002ED441 /* GCVRootModel.m */,
			);
			path = FaceDetection;
			sourceTree = "<group>";
		};
/* End PBXGroup section */

/* Begin PBXNativeTarget section */
		2D5C38FF1C7D51E6002ED441 /* DemoGoogleCloudVisionAPI */ = {
			isa = PBXNativeTarget;
			buildConfigurationList = 2D5C39301C7D51E6002ED441 /* Build configuration list for PBXNativeTarget "DemoGoogleCloudVisionAPI" */;
			buildPhases = (
				2D5C38FC1C7D51E6002ED441 /* Sources */,
				2D5C38FD1C7D51E6002ED441 /* Frameworks */,
				2D5C38FE1C7D51E6002ED441 /* Resources */,
			);
			buildRules = (
			);
			dependencies = (
			);
			name = DemoGoogleCloudVisionAPI;
			productName = DemoGoogleCloudVisionAPI;
			productReference = 2D5C39001C7D51E6002ED441 /* DemoGoogleCloudVisionAPI.app */;
			productType = "com.apple.product-type.application";
		};
		2D5C391B1C7D51E6002ED441 /* DemoGoogleCloudVisionAPITests */ = {
			isa = PBXNativeTarget;
			buildConfigurationList = 2D5C39331C7D51E6002ED441 /* Build configuration list for PBXNativeTarget "DemoGoogleCloudVisionAPITests" */;
			buildPhases = (
				2D5C39181C7D51E6002ED441 /* Sources */,
				2D5C39191C7D51E6002ED441 /* Frameworks */,
				2D5C391A1C7D51E6002ED441 /* Resources */,
			);
			buildRules = (
			);
			dependencies = (
				2D5C391E1C7D51E6002ED441 /* PBXTargetDependency */,
			);
			name = DemoGoogleCloudVisionAPITests;
			productName = DemoGoogleCloudVisionAPITests;
			productReference = 2D5C391C1C7D51E6002ED441 /* DemoGoogleCloudVisionAPITests.xctest */;
			productType = "com.apple.product-type.bundle.unit-test";
		};
		2D5C39261C7D51E6002ED441 /* DemoGoogleCloudVisionAPIUITests */ = {
			isa = PBXNativeTarget;
			buildConfigurationList = 2D5C39361C7D51E6002ED441 /* Build configuration list for PBXNativeTarget "DemoGoogleCloudVisionAPIUITests" */;
			buildPhases = (
				2D5C39231C7D51E6002ED441 /* Sources */,
				2D5C39241C7D51E6002ED441 /* Frameworks */,
				2D5C39251C7D51E6002ED441 /* Resources */,
			);
			buildRules = (
			);
			dependencies = (
				2D5C39291C7D51E6002ED441 /* PBXTargetDependency */,
			);
			name = DemoGoogleCloudVisionAPIUITests;
			productName = DemoGoogleCloudVisionAPIUITests;
			productReference = 2D5C39271C7D51E6002ED441 /* DemoGoogleCloudVisionAPIUITests.xctest */;
			productType = "com.apple.product-type.bundle.ui-testing";
		};
/* End PBXNativeTarget section */

/* Begin PBXProject section */
		2D5C38F81C7D51E6002ED441 /* Project object */ = {
			isa = PBXProject;
			attributes = {
				LastUpgradeCheck = 0720;
				ORGANIZATIONNAME = 17Life;
				TargetAttributes = {
					2D5C38FF1C7D51E6002ED441 = {
						CreatedOnToolsVersion = 7.2;
					};
					2D5C391B1C7D51E6002ED441 = {
						CreatedOnToolsVersion = 7.2;
						TestTargetID = 2D5C38FF1C7D51E6002ED441;
					};
					2D5C39261C7D51E6002ED441 = {
						CreatedOnToolsVersion = 7.2;
						TestTargetID = 2D5C38FF1C7D51E6002ED441;
					};
				};
			};
			buildConfigurationList = 2D5C38FB1C7D51E6002ED441 /* Build configuration list for PBXProject "DemoGoogleCloudVisionAPI" */;
			compatibilityVersion = "Xcode 3.2";
			developmentRegion = English;
			hasScannedForEncodings = 0;
			knownRegions = (
				en,
				Base,
			);
			mainGroup = 2D5C38F71C7D51E6002ED441;
			productRefGroup = 2D5C39011C7D51E6002ED441 /* Products */;
			projectDirPath = "";
			projectRoot = "";
			targets = (
				2D5C38FF1C7D51E6002ED441 /* DemoGoogleCloudVisionAPI */,
				2D5C391B1C7D51E6002ED441 /* DemoGoogleCloudVisionAPITests */,
				2D5C39261C7D51E6002ED441 /* DemoGoogleCloudVisionAPIUITests */,
			);
		};
/* End PBXProject section */

/* Begin PBXResourcesBuildPhase section */
		2D5C38FE1C7D51E6002ED441 /* Resources */ = {
			isa = PBXResourcesBuildPhase;
			buildActionMask = 2147483647;
			files = (
				2D5C39161C7D51E6002ED441 /* LaunchScreen.storyboard in Resources */,
				2D5C39131C7D51E6002ED441 /* Assets.xcassets in Resources */,
				2D5C39111C7D51E6002ED441 /* Main.storyboard in Resources */,
			);
			runOnlyForDeploymentPostprocessing = 0;
		};
		2D5C391A1C7D51E6002ED441 /* Resources */ = {
			isa = PBXResourcesBuildPhase;
			buildActionMask = 2147483647;
			files = (
			);
			runOnlyForDeploymentPostprocessing = 0;
		};
		2D5C39251C7D51E6002ED441 /* Resources */ = {
			isa = PBXResourcesBuildPhase;
			buildActionMask = 2147483647;
			files = (
			);
			runOnlyForDeploymentPostprocessing = 0;
		};
/* End PBXResourcesBuildPhase section */

/* Begin PBXSourcesBuildPhase section */
		2D5C38FC1C7D51E6002ED441 /* Sources */ = {
			isa = PBXSourcesBuildPhase;
			buildActionMask = 2147483647;
			files = (
				2D5C39501C7D6C89002ED441 /* GCVLandmarks.m in Sources */,
				2D5C39521C7D6C89002ED441 /* GCVFaceDetection.m in Sources */,
				2D5C39081C7D51E6002ED441 /* AppDelegate.m in Sources */,
				2D5C390B1C7D51E6002ED441 /* MasterViewController.m in Sources */,
				2D5C394E1C7D6C89002ED441 /* GCVFaceAnnotation.m in Sources */,
				2D5C39511C7D6C89002ED441 /* GCVPosition.m in Sources */,
				2D5C39051C7D51E6002ED441 /* main.m in Sources */,
				2D5C390E1C7D51E6002ED441 /* DetailViewController.m in Sources */,
				2D5C394D1C7D6C89002ED441 /* GCVBoundingPoly.m in Sources */,
				2D5C39531C7D6C89002ED441 /* GCVVertices.m in Sources */,
				2D5C39561C7D883C002ED441 /* GCVRootModel.m in Sources */,
				2D5C394F1C7D6C89002ED441 /* GCVFdBoundingPoly.m in Sources */,
			);
			runOnlyForDeploymentPostprocessing = 0;
		};
		2D5C39181C7D51E6002ED441 /* Sources */ = {
			isa = PBXSourcesBuildPhase;
			buildActionMask = 2147483647;
			files = (
				2D5C39211C7D51E6002ED441 /* DemoGoogleCloudVisionAPITests.m in Sources */,
			);
			runOnlyForDeploymentPostprocessing = 0;
		};
		2D5C39231C7D51E6002ED441 /* Sources */ = {
			isa = PBXSourcesBuildPhase;
			buildActionMask = 2147483647;
			files = (
				2D5C392C1C7D51E6002ED441 /* DemoGoogleCloudVisionAPIUITests.m in Sources */,
			);
			runOnlyForDeploymentPostprocessing = 0;
		};
/* End PBXSourcesBuildPhase section */

/* Begin PBXTargetDependency section */
		2D5C391E1C7D51E6002ED441 /* PBXTargetDependency */ = {
			isa = PBXTargetDependency;
			target = 2D5C38FF1C7D51E6002ED441 /* DemoGoogleCloudVisionAPI */;
			targetProxy = 2D5C391D1C7D51E6002ED441 /* PBXContainerItemProxy */;
		};
		2D5C39291C7D51E6002ED441 /* PBXTargetDependency */ = {
			isa = PBXTargetDependency;
			target = 2D5C38FF1C7D51E6002ED441 /* DemoGoogleCloudVisionAPI */;
			targetProxy = 2D5C39281C7D51E6002ED441 /* PBXContainerItemProxy */;
		};
/* End PBXTargetDependency section */

/* Begin PBXVariantGroup section */
		2D5C390F1C7D51E6002ED441 /* Main.storyboard */ = {
			isa = PBXVariantGroup;
			children = (
				2D5C39101C7D51E6002ED441 /* Base */,
			);
			name = Main.storyboard;
			sourceTree = "<group>";
		};
		2D5C39141C7D51E6002ED441 /* LaunchScreen.storyboard */ = {
			isa = PBXVariantGroup;
			children = (
				2D5C39151C7D51E6002ED441 /* Base */,
			);
			name = LaunchScreen.storyboard;
			sourceTree = "<group>";
		};
/* End PBXVariantGroup section */

/* Begin XCBuildConfiguration section */
		2D5C392E1C7D51E6002ED441 /* Debug */ = {
			isa = XCBuildConfiguration;
			buildSettings = {
				ALWAYS_SEARCH_USER_PATHS = NO;
				CLANG_CXX_LANGUAGE_STANDARD = "gnu++0x";
				CLANG_CXX_LIBRARY = "libc++";
				CLANG_ENABLE_MODULES = YES;
				CLANG_ENABLE_OBJC_ARC = YES;
				CLANG_WARN_BOOL_CONVERSION = YES;
				CLANG_WARN_CONSTANT_CONVERSION = YES;
				CLANG_WARN_DIRECT_OBJC_ISA_USAGE = YES_ERROR;
				CLANG_WARN_EMPTY_BODY = YES;
				CLANG_WARN_ENUM_CONVERSION = YES;
				CLANG_WARN_INT_CONVERSION = YES;
				CLANG_WARN_OBJC_ROOT_CLASS = YES_ERROR;
				CLANG_WARN_UNREACHABLE_CODE = YES;
				CLANG_WARN__DUPLICATE_METHOD_MATCH = YES;
				"CODE_SIGN_IDENTITY[sdk=iphoneos*]" = "iPhone Developer";
				COPY_PHASE_STRIP = NO;
				DEBUG_INFORMATION_FORMAT = dwarf;
				ENABLE_STRICT_OBJC_MSGSEND = YES;
				ENABLE_TESTABILITY = YES;
				GCC_C_LANGUAGE_STANDARD = gnu99;
				GCC_DYNAMIC_NO_PIC = NO;
				GCC_NO_COMMON_BLOCKS = YES;
				GCC_OPTIMIZATION_LEVEL = 0;
				GCC_PREPROCESSOR_DEFINITIONS = (
					"DEBUG=1",
					"$(inherited)",
				);
				GCC_WARN_64_TO_32_BIT_CONVERSION = YES;
				GCC_WARN_ABOUT_RETURN_TYPE = YES_ERROR;
				GCC_WARN_UNDECLARED_SELECTOR = YES;
				GCC_WARN_UNINITIALIZED_AUTOS = YES_AGGRESSIVE;
				GCC_WARN_UNUSED_FUNCTION = YES;
				GCC_WARN_UNUSED_VARIABLE = YES;
				IPHONEOS_DEPLOYMENT_TARGET = 9.2;
				MTL_ENABLE_DEBUG_INFO = YES;
				ONLY_ACTIVE_ARCH = YES;
				SDKROOT = iphoneos;
			};
			name = Debug;
		};
		2D5C392F1C7D51E6002ED441 /* Release */ = {
			isa = XCBuildConfiguration;
			buildSettings = {
				ALWAYS_SEARCH_USER_PATHS = NO;
				CLANG_CXX_LANGUAGE_STANDARD = "gnu++0x";
				CLANG_CXX_LIBRARY = "libc++";
				CLANG_ENABLE_MODULES = YES;
				CLANG_ENABLE_OBJC_ARC = YES;
				CLANG_WARN_BOOL_CONVERSION = YES;
				CLANG_WARN_CONSTANT_CONVERSION = YES;
				CLANG_WARN_DIRECT_OBJC_ISA_USAGE = YES_ERROR;
				CLANG_WARN_EMPTY_BODY = YES;
				CLANG_WARN_ENUM_CONVERSION = YES;
				CLANG_WARN_INT_CONVERSION = YES;
				CLANG_WARN_OBJC_ROOT_CLASS = YES_ERROR;
				CLANG_WARN_UNREACHABLE_CODE = YES;
				CLANG_WARN__DUPLICATE_METHOD_MATCH = YES;
				"CODE_SIGN_IDENTITY[sdk=iphoneos*]" = "iPhone Developer";
				COPY_PHASE_STRIP = NO;
				DEBUG_INFORMATION_FORMAT = "dwarf-with-dsym";
				ENABLE_NS_ASSERTIONS = NO;
				ENABLE_STRICT_OBJC_MSGSEND = YES;
				GCC_C_LANGUAGE_STANDARD = gnu99;
				GCC_NO_COMMON_BLOCKS = YES;
				GCC_WARN_64_TO_32_BIT_CONVERSION = YES;
				GCC_WARN_ABOUT_RETURN_TYPE = YES_ERROR;
				GCC_WARN_UNDECLARED_SELECTOR = YES;
				GCC_WARN_UNINITIALIZED_AUTOS = YES_AGGRESSIVE;
				GCC_WARN_UNUSED_FUNCTION = YES;
				GCC_WARN_UNUSED_VARIABLE = YES;
				IPHONEOS_DEPLOYMENT_TARGET = 9.2;
				MTL_ENABLE_DEBUG_INFO = NO;
				SDKROOT = iphoneos;
				VALIDATE_PRODUCT = YES;
			};
			name = Release;
		};
		2D5C39311C7D51E6002ED441 /* Debug */ = {
			isa = XCBuildConfiguration;
			buildSettings = {
				ASSETCATALOG_COMPILER_APPICON_NAME = AppIcon;
				INFOPLIST_FILE = DemoGoogleCloudVisionAPI/Info.plist;
				LD_RUNPATH_SEARCH_PATHS = "$(inherited) @executable_path/Frameworks";
				PRODUCT_BUNDLE_IDENTIFIER = "-7Life.DemoGoogleCloudVisionAPI";
				PRODUCT_NAME = "$(TARGET_NAME)";
			};
			name = Debug;
		};
		2D5C39321C7D51E6002ED441 /* Release */ = {
			isa = XCBuildConfiguration;
			buildSettings = {
				ASSETCATALOG_COMPILER_APPICON_NAME = AppIcon;
				INFOPLIST_FILE = DemoGoogleCloudVisionAPI/Info.plist;
				LD_RUNPATH_SEARCH_PATHS = "$(inherited) @executable_path/Frameworks";
				PRODUCT_BUNDLE_IDENTIFIER = "-7Life.DemoGoogleCloudVisionAPI";
				PRODUCT_NAME = "$(TARGET_NAME)";
			};
			name = Release;
		};
		2D5C39341C7D51E6002ED441 /* Debug */ = {
			isa = XCBuildConfiguration;
			buildSettings = {
				BUNDLE_LOADER = "$(TEST_HOST)";
				INFOPLIST_FILE = DemoGoogleCloudVisionAPITests/Info.plist;
				LD_RUNPATH_SEARCH_PATHS = "$(inherited) @executable_path/Frameworks @loader_path/Frameworks";
				PRODUCT_BUNDLE_IDENTIFIER = "-7Life.DemoGoogleCloudVisionAPITests";
				PRODUCT_NAME = "$(TARGET_NAME)";
				TEST_HOST = "$(BUILT_PRODUCTS_DIR)/DemoGoogleCloudVisionAPI.app/DemoGoogleCloudVisionAPI";
			};
			name = Debug;
		};
		2D5C39351C7D51E6002ED441 /* Release */ = {
			isa = XCBuildConfiguration;
			buildSettings = {
				BUNDLE_LOADER = "$(TEST_HOST)";
				INFOPLIST_FILE = DemoGoogleCloudVisionAPITests/Info.plist;
				LD_RUNPATH_SEARCH_PATHS = "$(inherited) @executable_path/Frameworks @loader_path/Frameworks";
				PRODUCT_BUNDLE_IDENTIFIER = "-7Life.DemoGoogleCloudVisionAPITests";
				PRODUCT_NAME = "$(TARGET_NAME)";
				TEST_HOST = "$(BUILT_PRODUCTS_DIR)/DemoGoogleCloudVisionAPI.app/DemoGoogleCloudVisionAPI";
			};
			name = Release;
		};
		2D5C39371C7D51E6002ED441 /* Debug */ = {
			isa = XCBuildConfiguration;
			buildSettings = {
				INFOPLIST_FILE = DemoGoogleCloudVisionAPIUITests/Info.plist;
				LD_RUNPATH_SEARCH_PATHS = "$(inherited) @executable_path/Frameworks @loader_path/Frameworks";
				PRODUCT_BUNDLE_IDENTIFIER = "-7Life.DemoGoogleCloudVisionAPIUITests";
				PRODUCT_NAME = "$(TARGET_NAME)";
				TEST_TARGET_NAME = DemoGoogleCloudVisionAPI;
				USES_XCTRUNNER = YES;
			};
			name = Debug;
		};
		2D5C39381C7D51E6002ED441 /* Release */ = {
			isa = XCBuildConfiguration;
			buildSettings = {
				INFOPLIST_FILE = DemoGoogleCloudVisionAPIUITests/Info.plist;
				LD_RUNPATH_SEARCH_PATHS = "$(inherited) @executable_path/Frameworks @loader_path/Frameworks";
				PRODUCT_BUNDLE_IDENTIFIER = "-7Life.DemoGoogleCloudVisionAPIUITests";
				PRODUCT_NAME = "$(TARGET_NAME)";
				TEST_TARGET_NAME = DemoGoogleCloudVisionAPI;
				USES_XCTRUNNER = YES;
			};
			name = Release;
		};
/* End XCBuildConfiguration section */

/* Begin XCConfigurationList section */
		2D5C38FB1C7D51E6002ED441 /* Build configuration list for PBXProject "DemoGoogleCloudVisionAPI" */ = {
			isa = XCConfigurationList;
			buildConfigurations = (
				2D5C392E1C7D51E6002ED441 /* Debug */,
				2D5C392F1C7D51E6002ED441 /* Release */,
			);
			defaultConfigurationIsVisible = 0;
			defaultConfigurationName = Release;
		};
		2D5C39301C7D51E6002ED441 /* Build configuration list for PBXNativeTarget "DemoGoogleCloudVisionAPI" */ = {
			isa = XCConfigurationList;
			buildConfigurations = (
				2D5C39311C7D51E6002ED441 /* Debug */,
				2D5C39321C7D51E6002ED441 /* Release */,
			);
			defaultConfigurationIsVisible = 0;
		};
		2D5C39331C7D51E6002ED441 /* Build configuration list for PBXNativeTarget "DemoGoogleCloudVisionAPITests" */ = {
			isa = XCConfigurationList;
			buildConfigurations = (
				2D5C39341C7D51E6002ED441 /* Debug */,
				2D5C39351C7D51E6002ED441 /* Release */,
			);
			defaultConfigurationIsVisible = 0;
		};
		2D5C39361C7D51E6002ED441 /* Build configuration list for PBXNativeTarget "DemoGoogleCloudVisionAPIUITests" */ = {
			isa = XCConfigurationList;
			buildConfigurations = (
				2D5C39371C7D51E6002ED441 /* Debug */,
				2D5C39381C7D51E6002ED441 /* Release */,
			);
			defaultConfigurationIsVisible = 0;
		};
/* End XCConfigurationList section */
	};
	rootObject = 2D5C38F81C7D51E6002ED441 /* Project object */;
}
